
Microsoft Visual Studio Solution File, Format Version 12.00
# Visual Studio Version 16
VisualStudioVersion = 16.0.31729.503
MinimumVisualStudioVersion = 10.0.40219.1
Project("{FAE04EC0-301F-11D3-BF4B-00C04F79EFBC}") = "ThirdTest", "ThirdTest\ThirdTest.csproj", "{4AE52434-862E-42DE-9CE9-4029027CBD2E}"
EndProject
Global
	GlobalSection(SolutionConfigurationPlatforms) = preSolution
		Debug|Any CPU = Debug|Any CPU
		Release|Any CPU = Release|Any CPU
	EndGlobalSection
	GlobalSection(ProjectConfigurationPlatforms) = postSolution
		{4AE52434-862E-42DE-9CE9-4029027CBD2E}.Debug|Any CPU.ActiveCfg = Debug|Any CPU
		{4AE52434-862E-42DE-9CE9-4029027CBD2E}.Debug|Any CPU.Build.0 = Debug|Any CPU
		{4AE52434-862E-42DE-9CE9-4029027CBD2E}.Release|Any CPU.ActiveCfg = Release|Any CPU
		{4AE52434-862E-42DE-9CE9-4029027CBD2E}.Release|Any CPU.Build.0 = Release|Any CPU
	EndGlobalSection
	GlobalSection(SolutionProperties) = preSolution
		HideSolutionNode = FALSE
	EndGlobalSection
	GlobalSection(ExtensibilityGlobals) = postSolution
		SolutionGuid = {89808A65-8372-404A-990A-CA50366EE76A}
	EndGlobalSection
EndGlobal
