
Microsoft Visual Studio Solution File, Format Version 12.00
# Visual Studio Version 16
VisualStudioVersion = 16.0.31729.503
MinimumVisualStudioVersion = 10.0.40219.1
Project("{FAE04EC0-301F-11D3-BF4B-00C04F79EFBC}") = "FifthTest", "FifthTest\FifthTest.csproj", "{A272D4E8-7E1A-4B04-AA91-95AB76A2497B}"
EndProject
Global
	GlobalSection(SolutionConfigurationPlatforms) = preSolution
		Debug|Any CPU = Debug|Any CPU
		Release|Any CPU = Release|Any CPU
	EndGlobalSection
	GlobalSection(ProjectConfigurationPlatforms) = postSolution
		{A272D4E8-7E1A-4B04-AA91-95AB76A2497B}.Debug|Any CPU.ActiveCfg = Debug|Any CPU
		{A272D4E8-7E1A-4B04-AA91-95AB76A2497B}.Debug|Any CPU.Build.0 = Debug|Any CPU
		{A272D4E8-7E1A-4B04-AA91-95AB76A2497B}.Release|Any CPU.ActiveCfg = Release|Any CPU
		{A272D4E8-7E1A-4B04-AA91-95AB76A2497B}.Release|Any CPU.Build.0 = Release|Any CPU
	EndGlobalSection
	GlobalSection(SolutionProperties) = preSolution
		HideSolutionNode = FALSE
	EndGlobalSection
	GlobalSection(ExtensibilityGlobals) = postSolution
		SolutionGuid = {939FA193-6D2F-4ED4-AE4A-F6F54FA0EED0}
	EndGlobalSection
EndGlobal
