
Microsoft Visual Studio Solution File, Format Version 12.00
# Visual Studio Version 16
VisualStudioVersion = 16.0.31729.503
MinimumVisualStudioVersion = 10.0.40219.1
Project("{FAE04EC0-301F-11D3-BF4B-00C04F79EFBC}") = "SecondTest", "SecondTest\SecondTest.csproj", "{915B475F-F7A8-41AF-A11E-ADE79DBB83EF}"
EndProject
Global
	GlobalSection(SolutionConfigurationPlatforms) = preSolution
		Debug|Any CPU = Debug|Any CPU
		Release|Any CPU = Release|Any CPU
	EndGlobalSection
	GlobalSection(ProjectConfigurationPlatforms) = postSolution
		{915B475F-F7A8-41AF-A11E-ADE79DBB83EF}.Debug|Any CPU.ActiveCfg = Debug|Any CPU
		{915B475F-F7A8-41AF-A11E-ADE79DBB83EF}.Debug|Any CPU.Build.0 = Debug|Any CPU
		{915B475F-F7A8-41AF-A11E-ADE79DBB83EF}.Release|Any CPU.ActiveCfg = Release|Any CPU
		{915B475F-F7A8-41AF-A11E-ADE79DBB83EF}.Release|Any CPU.Build.0 = Release|Any CPU
	EndGlobalSection
	GlobalSection(SolutionProperties) = preSolution
		HideSolutionNode = FALSE
	EndGlobalSection
	GlobalSection(ExtensibilityGlobals) = postSolution
		SolutionGuid = {08072DF9-A17B-4AE7-A92D-A28297C36D26}
	EndGlobalSection
EndGlobal
